// !$*UTF8*$!
{
	archiveVersion = 1;
	classes = {
	};
	objectVersion = 50;
	objects = {

/* Begin PBXBuildFile section */
		8E18E15D220AF84F00421583 /* RateViewController.swift in Sources */ = {isa = PBXBuildFile; fileRef = 8E18E15C220AF84F00421583 /* RateViewController.swift */; };
		8E2F65A02214869A0017479B /* CoreDataStack.swift in Sources */ = {isa = PBXBuildFile; fileRef = 8E2F659F2214869A0017479B /* CoreDataStack.swift */; };
		8E2F65A3221487EA0017479B /* Eateries.xcdatamodeld in Sources */ = {isa = PBXBuildFile; fileRef = 8E2F65A1221487EA0017479B /* Eateries.xcdatamodeld */; };
		8E490E822207270C009CDF89 /* EateriesTableViewCell.swift in Sources */ = {isa = PBXBuildFile; fileRef = 8E490E812207270C009CDF89 /* EateriesTableViewCell.swift */; };
		8E59658A22157034008EAEC7 /* ContentViewController.swift in Sources */ = {isa = PBXBuildFile; fileRef = 8E59658922157034008EAEC7 /* ContentViewController.swift */; };
		8E59658C22157087008EAEC7 /* PageViewController.swift in Sources */ = {isa = PBXBuildFile; fileRef = 8E59658B22157087008EAEC7 /* PageViewController.swift */; };
		8E5A25FF220C2601005B051A /* MapViewController.swift in Sources */ = {isa = PBXBuildFile; fileRef = 8E5A25FE220C2601005B051A /* MapViewController.swift */; };
		8E5A2602220C2681005B051A /* MapKit.framework in Frameworks */ = {isa = PBXBuildFile; fileRef = 8E5A2601220C2681005B051A /* MapKit.framework */; };
		8E5A2606220C3B86005B051A /* NewEateryTableViewController.swift in Sources */ = {isa = PBXBuildFile; fileRef = 8E5A2605220C3B86005B051A /* NewEateryTableViewController.swift */; };
		8E865FBA2207176400059E8F /* AppDelegate.swift in Sources */ = {isa = PBXBuildFile; fileRef = 8E865FB92207176400059E8F /* AppDelegate.swift */; };
		8E865FBF2207176400059E8F /* Main.storyboard in Resources */ = {isa = PBXBuildFile; fileRef = 8E865FBD2207176400059E8F /* Main.storyboard */; };
		8E865FC12207176D00059E8F /* Assets.xcassets in Resources */ = {isa = PBXBuildFile; fileRef = 8E865FC02207176D00059E8F /* Assets.xcassets */; };
		8E865FC42207176D00059E8F /* LaunchScreen.storyboard in Resources */ = {isa = PBXBuildFile; fileRef = 8E865FC22207176D00059E8F /* LaunchScreen.storyboard */; };
		8E865FCC2207190A00059E8F /* EateriesTableViewController.swift in Sources */ = {isa = PBXBuildFile; fileRef = 8E865FCB2207190A00059E8F /* EateriesTableViewController.swift */; };
		8E9D49BE22086FE9005E0C12 /* EateryDetailViewController.swift in Sources */ = {isa = PBXBuildFile; fileRef = 8E9D49BD22086FE9005E0C12 /* EateryDetailViewController.swift */; };
		8E9D49C2220884B6005E0C12 /* EateryDetailTableViewCell.swift in Sources */ = {isa = PBXBuildFile; fileRef = 8E9D49C1220884B6005E0C12 /* EateryDetailTableViewCell.swift */; };
/* End PBXBuildFile section */

/* Begin PBXFileReference section */
		8E18E15B220AF44400421583 /* en */ = {isa = PBXFileReference; lastKnownFileType = text.plist.strings; name = en; path = en.lproj/Main.strings; sourceTree = "<group>"; };
		8E18E15C220AF84F00421583 /* RateViewController.swift */ = {isa = PBXFileReference; lastKnownFileType = sourcecode.swift; path = RateViewController.swift; sourceTree = "<group>"; };
		8E2F659F2214869A0017479B /* CoreDataStack.swift */ = {isa = PBXFileReference; lastKnownFileType = sourcecode.swift; path = CoreDataStack.swift; sourceTree = "<group>"; };
		8E2F65A2221487EA0017479B /* Eateries.xcdatamodel */ = {isa = PBXFileReference; lastKnownFileType = wrapper.xcdatamodel; path = Eateries.xcdatamodel; sourceTree = "<group>"; };
		8E490E812207270C009CDF89 /* EateriesTableViewCell.swift */ = {isa = PBXFileReference; lastKnownFileType = sourcecode.swift; path = EateriesTableViewCell.swift; sourceTree = "<group>"; };
		8E59658922157034008EAEC7 /* ContentViewController.swift */ = {isa = PBXFileReference; lastKnownFileType = sourcecode.swift; path = ContentViewController.swift; sourceTree = "<group>"; };
		8E59658B22157087008EAEC7 /* PageViewController.swift */ = {isa = PBXFileReference; lastKnownFileType = sourcecode.swift; path = PageViewController.swift; sourceTree = "<group>"; };
		8E5A25FE220C2601005B051A /* MapViewController.swift */ = {isa = PBXFileReference; lastKnownFileType = sourcecode.swift; path = MapViewController.swift; sourceTree = "<group>"; };
		8E5A2601220C2681005B051A /* MapKit.framework */ = {isa = PBXFileReference; lastKnownFileType = wrapper.framework; name = MapKit.framework; path = System/Library/Frameworks/MapKit.framework; sourceTree = SDKROOT; };
		8E5A2605220C3B86005B051A /* NewEateryTableViewController.swift */ = {isa = PBXFileReference; lastKnownFileType = sourcecode.swift; path = NewEateryTableViewController.swift; sourceTree = "<group>"; };
		8E865FB62207176400059E8F /* Eateries.app */ = {isa = PBXFileReference; explicitFileType = wrapper.application; includeInIndex = 0; path = Eateries.app; sourceTree = BUILT_PRODUCTS_DIR; };
		8E865FB92207176400059E8F /* AppDelegate.swift */ = {isa = PBXFileReference; lastKnownFileType = sourcecode.swift; path = AppDelegate.swift; sourceTree = "<group>"; };
		8E865FBE2207176400059E8F /* Base */ = {isa = PBXFileReference; lastKnownFileType = file.storyboard; name = Base; path = Base.lproj/Main.storyboard; sourceTree = "<group>"; };
		8E865FC02207176D00059E8F /* Assets.xcassets */ = {isa = PBXFileReference; lastKnownFileType = folder.assetcatalog; path = Assets.xcassets; sourceTree = "<group>"; };
		8E865FC32207176D00059E8F /* Base */ = {isa = PBXFileReference; lastKnownFileType = file.storyboard; name = Base; path = Base.lproj/LaunchScreen.storyboard; sourceTree = "<group>"; };
		8E865FC52207176D00059E8F /* Info.plist */ = {isa = PBXFileReference; lastKnownFileType = text.plist.xml; path = Info.plist; sourceTree = "<group>"; };
		8E865FCB2207190A00059E8F /* EateriesTableViewController.swift */ = {isa = PBXFileReference; lastKnownFileType = sourcecode.swift; path = EateriesTableViewController.swift; sourceTree = "<group>"; };
		8E9D49BD22086FE9005E0C12 /* EateryDetailViewController.swift */ = {isa = PBXFileReference; lastKnownFileType = sourcecode.swift; path = EateryDetailViewController.swift; sourceTree = "<group>"; };
		8E9D49C1220884B6005E0C12 /* EateryDetailTableViewCell.swift */ = {isa = PBXFileReference; lastKnownFileType = sourcecode.swift; path = EateryDetailTableViewCell.swift; sourceTree = "<group>"; };
/* End PBXFileReference section */

/* Begin PBXFrameworksBuildPhase section */
		8E865FB32207176400059E8F /* Frameworks */ = {
			isa = PBXFrameworksBuildPhase;
			buildActionMask = 2147483647;
			files = (
				8E5A2602220C2681005B051A /* MapKit.framework in Frameworks */,
			);
			runOnlyForDeploymentPostprocessing = 0;
		};
/* End PBXFrameworksBuildPhase section */

/* Begin PBXGroup section */
		8E59658D2215709F008EAEC7 /* Page */ = {
			isa = PBXGroup;
			children = (
				8E59658922157034008EAEC7 /* ContentViewController.swift */,
				8E59658B22157087008EAEC7 /* PageViewController.swift */,
			);
			path = Page;
			sourceTree = "<group>";
		};
		8E5A2600220C2681005B051A /* Frameworks */ = {
			isa = PBXGroup;
			children = (
				8E5A2601220C2681005B051A /* MapKit.framework */,
			);
			name = Frameworks;
			sourceTree = "<group>";
		};
		8E865FAD2207176400059E8F = {
			isa = PBXGroup;
			children = (
				8E865FB82207176400059E8F /* Eateries */,
				8E865FB72207176400059E8F /* Products */,
				8E5A2600220C2681005B051A /* Frameworks */,
			);
			sourceTree = "<group>";
		};
		8E865FB72207176400059E8F /* Products */ = {
			isa = PBXGroup;
			children = (
				8E865FB62207176400059E8F /* Eateries.app */,
			);
			name = Products;
			sourceTree = "<group>";
		};
		8E865FB82207176400059E8F /* Eateries */ = {
			isa = PBXGroup;
			children = (
				8E865FB92207176400059E8F /* AppDelegate.swift */,
				8E18E15C220AF84F00421583 /* RateViewController.swift */,
				8E490E812207270C009CDF89 /* EateriesTableViewCell.swift */,
				8E865FCB2207190A00059E8F /* EateriesTableViewController.swift */,
				8E5A25FE220C2601005B051A /* MapViewController.swift */,
				8E5A2605220C3B86005B051A /* NewEateryTableViewController.swift */,
				8E2F659F2214869A0017479B /* CoreDataStack.swift */,
				8E59658D2215709F008EAEC7 /* Page */,
				8E9D49C3220884E1005E0C12 /* Detail */,
				8E865FBD2207176400059E8F /* Main.storyboard */,
				8E2F65A1221487EA0017479B /* Eateries.xcdatamodeld */,
				8E865FC02207176D00059E8F /* Assets.xcassets */,
				8E865FC22207176D00059E8F /* LaunchScreen.storyboard */,
				8E865FC52207176D00059E8F /* Info.plist */,
			);
			path = Eateries;
			sourceTree = "<group>";
		};
		8E9D49C3220884E1005E0C12 /* Detail */ = {
			isa = PBXGroup;
			children = (
				8E9D49C1220884B6005E0C12 /* EateryDetailTableViewCell.swift */,
				8E9D49BD22086FE9005E0C12 /* EateryDetailViewController.swift */,
			);
			path = Detail;
			sourceTree = "<group>";
		};
/* End PBXGroup section */

/* Begin PBXNativeTarget section */
		8E865FB52207176400059E8F /* Eateries */ = {
			isa = PBXNativeTarget;
			buildConfigurationList = 8E865FC82207176D00059E8F /* Build configuration list for PBXNativeTarget "Eateries" */;
			buildPhases = (
				8E865FB22207176400059E8F /* Sources */,
				8E865FB32207176400059E8F /* Frameworks */,
				8E865FB42207176400059E8F /* Resources */,
			);
			buildRules = (
			);
			dependencies = (
			);
			name = Eateries;
			productName = Eateries;
			productReference = 8E865FB62207176400059E8F /* Eateries.app */;
			productType = "com.apple.product-type.application";
		};
/* End PBXNativeTarget section */

/* Begin PBXProject section */
		8E865FAE2207176400059E8F /* Project object */ = {
			isa = PBXProject;
			attributes = {
				LastSwiftUpdateCheck = 1010;
				LastUpgradeCheck = 1010;
				ORGANIZATIONNAME = Arthur;
				TargetAttributes = {
					8E865FB52207176400059E8F = {
						CreatedOnToolsVersion = 10.1;
						SystemCapabilities = {
							com.apple.Maps.iOS = {
								enabled = 1;
							};
						};
					};
				};
			};
			buildConfigurationList = 8E865FB12207176400059E8F /* Build configuration list for PBXProject "Eateries" */;
			compatibilityVersion = "Xcode 9.3";
			developmentRegion = en;
			hasScannedForEncodings = 0;
			knownRegions = (
				en,
				Base,
			);
			mainGroup = 8E865FAD2207176400059E8F;
			productRefGroup = 8E865FB72207176400059E8F /* Products */;
			projectDirPath = "";
			projectRoot = "";
			targets = (
				8E865FB52207176400059E8F /* Eateries */,
			);
		};
/* End PBXProject section */

/* Begin PBXResourcesBuildPhase section */
		8E865FB42207176400059E8F /* Resources */ = {
			isa = PBXResourcesBuildPhase;
			buildActionMask = 2147483647;
			files = (
				8E865FC42207176D00059E8F /* LaunchScreen.storyboard in Resources */,
				8E865FC12207176D00059E8F /* Assets.xcassets in Resources */,
				8E865FBF2207176400059E8F /* Main.storyboard in Resources */,
			);
			runOnlyForDeploymentPostprocessing = 0;
		};
/* End PBXResourcesBuildPhase section */

/* Begin PBXSourcesBuildPhase section */
		8E865FB22207176400059E8F /* Sources */ = {
			isa = PBXSourcesBuildPhase;
			buildActionMask = 2147483647;
			files = (
				8E9D49C2220884B6005E0C12 /* EateryDetailTableViewCell.swift in Sources */,
				8E2F65A3221487EA0017479B /* Eateries.xcdatamodeld in Sources */,
				8E865FBA2207176400059E8F /* AppDelegate.swift in Sources */,
				8E59658C22157087008EAEC7 /* PageViewController.swift in Sources */,
				8E865FCC2207190A00059E8F /* EateriesTableViewController.swift in Sources */,
				8E9D49BE22086FE9005E0C12 /* EateryDetailViewController.swift in Sources */,
				8E2F65A02214869A0017479B /* CoreDataStack.swift in Sources */,
				8E490E822207270C009CDF89 /* EateriesTableViewCell.swift in Sources */,
				8E5A2606220C3B86005B051A /* NewEateryTableViewController.swift in Sources */,
				8E59658A22157034008EAEC7 /* ContentViewController.swift in Sources */,
				8E18E15D220AF84F00421583 /* RateViewController.swift in Sources */,
				8E5A25FF220C2601005B051A /* MapViewController.swift in Sources */,
			);
			runOnlyForDeploymentPostprocessing = 0;
		};
/* End PBXSourcesBuildPhase section */

/* Begin PBXVariantGroup section */
		8E865FBD2207176400059E8F /* Main.storyboard */ = {
			isa = PBXVariantGroup;
			children = (
				8E865FBE2207176400059E8F /* Base */,
				8E18E15B220AF44400421583 /* en */,
			);
			name = Main.storyboard;
			sourceTree = "<group>";
		};
		8E865FC22207176D00059E8F /* LaunchScreen.storyboard */ = {
			isa = PBXVariantGroup;
			children = (
				8E865FC32207176D00059E8F /* Base */,
			);
			name = LaunchScreen.storyboard;
			sourceTree = "<group>";
		};
/* End PBXVariantGroup section */

/* Begin XCBuildConfiguration section */
		8E865FC62207176D00059E8F /* Debug */ = {
			isa = XCBuildConfiguration;
			buildSettings = {
				ALWAYS_SEARCH_USER_PATHS = NO;
				CLANG_ANALYZER_NONNULL = YES;
				CLANG_ANALYZER_NUMBER_OBJECT_CONVERSION = YES_AGGRESSIVE;
				CLANG_CXX_LANGUAGE_STANDARD = "gnu++14";
				CLANG_CXX_LIBRARY = "libc++";
				CLANG_ENABLE_MODULES = YES;
				CLANG_ENABLE_OBJC_ARC = YES;
				CLANG_ENABLE_OBJC_WEAK = YES;
				CLANG_WARN_BLOCK_CAPTURE_AUTORELEASING = YES;
				CLANG_WARN_BOOL_CONVERSION = YES;
				CLANG_WARN_COMMA = YES;
				CLANG_WARN_CONSTANT_CONVERSION = YES;
				CLANG_WARN_DEPRECATED_OBJC_IMPLEMENTATIONS = YES;
				CLANG_WARN_DIRECT_OBJC_ISA_USAGE = YES_ERROR;
				CLANG_WARN_DOCUMENTATION_COMMENTS = YES;
				CLANG_WARN_EMPTY_BODY = YES;
				CLANG_WARN_ENUM_CONVERSION = YES;
				CLANG_WARN_INFINITE_RECURSION = YES;
				CLANG_WARN_INT_CONVERSION = YES;
				CLANG_WARN_NON_LITERAL_NULL_CONVERSION = YES;
				CLANG_WARN_OBJC_IMPLICIT_RETAIN_SELF = YES;
				CLANG_WARN_OBJC_LITERAL_CONVERSION = YES;
				CLANG_WARN_OBJC_ROOT_CLASS = YES_ERROR;
				CLANG_WARN_RANGE_LOOP_ANALYSIS = YES;
				CLANG_WARN_STRICT_PROTOTYPES = YES;
				CLANG_WARN_SUSPICIOUS_MOVE = YES;
				CLANG_WARN_UNGUARDED_AVAILABILITY = YES_AGGRESSIVE;
				CLANG_WARN_UNREACHABLE_CODE = YES;
				CLANG_WARN__DUPLICATE_METHOD_MATCH = YES;
				CODE_SIGN_IDENTITY = "iPhone Developer";
				COPY_PHASE_STRIP = NO;
				DEBUG_INFORMATION_FORMAT = dwarf;
				ENABLE_STRICT_OBJC_MSGSEND = YES;
				ENABLE_TESTABILITY = YES;
				GCC_C_LANGUAGE_STANDARD = gnu11;
				GCC_DYNAMIC_NO_PIC = NO;
				GCC_NO_COMMON_BLOCKS = YES;
				GCC_OPTIMIZATION_LEVEL = 0;
				GCC_PREPROCESSOR_DEFINITIONS = (
					"DEBUG=1",
					"$(inherited)",
				);
				GCC_WARN_64_TO_32_BIT_CONVERSION = YES;
				GCC_WARN_ABOUT_RETURN_TYPE = YES_ERROR;
				GCC_WARN_UNDECLARED_SELECTOR = YES;
				GCC_WARN_UNINITIALIZED_AUTOS = YES_AGGRESSIVE;
				GCC_WARN_UNUSED_FUNCTION = YES;
				GCC_WARN_UNUSED_VARIABLE = YES;
				IPHONEOS_DEPLOYMENT_TARGET = 12.1;
				MTL_ENABLE_DEBUG_INFO = INCLUDE_SOURCE;
				MTL_FAST_MATH = YES;
				ONLY_ACTIVE_ARCH = YES;
				SDKROOT = iphoneos;
				SWIFT_ACTIVE_COMPILATION_CONDITIONS = DEBUG;
				SWIFT_OPTIMIZATION_LEVEL = "-Onone";
			};
			name = Debug;
		};
		8E865FC72207176D00059E8F /* Release */ = {
			isa = XCBuildConfiguration;
			buildSettings = {
				ALWAYS_SEARCH_USER_PATHS = NO;
				CLANG_ANALYZER_NONNULL = YES;
				CLANG_ANALYZER_NUMBER_OBJECT_CONVERSION = YES_AGGRESSIVE;
				CLANG_CXX_LANGUAGE_STANDARD = "gnu++14";
				CLANG_CXX_LIBRARY = "libc++";
				CLANG_ENABLE_MODULES = YES;
				CLANG_ENABLE_OBJC_ARC = YES;
				CLANG_ENABLE_OBJC_WEAK = YES;
				CLANG_WARN_BLOCK_CAPTURE_AUTORELEASING = YES;
				CLANG_WARN_BOOL_CONVERSION = YES;
				CLANG_WARN_COMMA = YES;
				CLANG_WARN_CONSTANT_CONVERSION = YES;
				CLANG_WARN_DEPRECATED_OBJC_IMPLEMENTATIONS = YES;
				CLANG_WARN_DIRECT_OBJC_ISA_USAGE = YES_ERROR;
				CLANG_WARN_DOCUMENTATION_COMMENTS = YES;
				CLANG_WARN_EMPTY_BODY = YES;
				CLANG_WARN_ENUM_CONVERSION = YES;
				CLANG_WARN_INFINITE_RECURSION = YES;
				CLANG_WARN_INT_CONVERSION = YES;
				CLANG_WARN_NON_LITERAL_NULL_CONVERSION = YES;
				CLANG_WARN_OBJC_IMPLICIT_RETAIN_SELF = YES;
				CLANG_WARN_OBJC_LITERAL_CONVERSION = YES;
				CLANG_WARN_OBJC_ROOT_CLASS = YES_ERROR;
				CLANG_WARN_RANGE_LOOP_ANALYSIS = YES;
				CLANG_WARN_STRICT_PROTOTYPES = YES;
				CLANG_WARN_SUSPICIOUS_MOVE = YES;
				CLANG_WARN_UNGUARDED_AVAILABILITY = YES_AGGRESSIVE;
				CLANG_WARN_UNREACHABLE_CODE = YES;
				CLANG_WARN__DUPLICATE_METHOD_MATCH = YES;
				CODE_SIGN_IDENTITY = "iPhone Developer";
				COPY_PHASE_STRIP = NO;
				DEBUG_INFORMATION_FORMAT = "dwarf-with-dsym";
				ENABLE_NS_ASSERTIONS = NO;
				ENABLE_STRICT_OBJC_MSGSEND = YES;
				GCC_C_LANGUAGE_STANDARD = gnu11;
				GCC_NO_COMMON_BLOCKS = YES;
				GCC_WARN_64_TO_32_BIT_CONVERSION = YES;
				GCC_WARN_ABOUT_RETURN_TYPE = YES_ERROR;
				GCC_WARN_UNDECLARED_SELECTOR = YES;
				GCC_WARN_UNINITIALIZED_AUTOS = YES_AGGRESSIVE;
				GCC_WARN_UNUSED_FUNCTION = YES;
				GCC_WARN_UNUSED_VARIABLE = YES;
				IPHONEOS_DEPLOYMENT_TARGET = 12.1;
				MTL_ENABLE_DEBUG_INFO = NO;
				MTL_FAST_MATH = YES;
				SDKROOT = iphoneos;
				SWIFT_COMPILATION_MODE = wholemodule;
				SWIFT_OPTIMIZATION_LEVEL = "-O";
				VALIDATE_PRODUCT = YES;
			};
			name = Release;
		};
		8E865FC92207176D00059E8F /* Debug */ = {
			isa = XCBuildConfiguration;
			buildSettings = {
				ASSETCATALOG_COMPILER_APPICON_NAME = AppIcon;
				CODE_SIGN_STYLE = Automatic;
				DEVELOPMENT_TEAM = 3H7R9FH7N2;
				INFOPLIST_FILE = Eateries/Info.plist;
				LD_RUNPATH_SEARCH_PATHS = (
					"$(inherited)",
					"@executable_path/Frameworks",
				);
				PRODUCT_BUNDLE_IDENTIFIER = com.AppBySnap.Eateries;
				PRODUCT_NAME = "$(TARGET_NAME)";
				SWIFT_VERSION = 4.2;
				TARGETED_DEVICE_FAMILY = "1,2";
			};
			name = Debug;
		};
		8E865FCA2207176D00059E8F /* Release */ = {
			isa = XCBuildConfiguration;
			buildSettings = {
				ASSETCATALOG_COMPILER_APPICON_NAME = AppIcon;
				CODE_SIGN_STYLE = Automatic;
				DEVELOPMENT_TEAM = 3H7R9FH7N2;
				INFOPLIST_FILE = Eateries/Info.plist;
				LD_RUNPATH_SEARCH_PATHS = (
					"$(inherited)",
					"@executable_path/Frameworks",
				);
				PRODUCT_BUNDLE_IDENTIFIER = com.AppBySnap.Eateries;
				PRODUCT_NAME = "$(TARGET_NAME)";
				SWIFT_VERSION = 4.2;
				TARGETED_DEVICE_FAMILY = "1,2";
			};
			name = Release;
		};
/* End XCBuildConfiguration section */

/* Begin XCConfigurationList section */
		8E865FB12207176400059E8F /* Build configuration list for PBXProject "Eateries" */ = {
			isa = XCConfigurationList;
			buildConfigurations = (
				8E865FC62207176D00059E8F /* Debug */,
				8E865FC72207176D00059E8F /* Release */,
			);
			defaultConfigurationIsVisible = 0;
			defaultConfigurationName = Release;
		};
		8E865FC82207176D00059E8F /* Build configuration list for PBXNativeTarget "Eateries" */ = {
			isa = XCConfigurationList;
			buildConfigurations = (
				8E865FC92207176D00059E8F /* Debug */,
				8E865FCA2207176D00059E8F /* Release */,
			);
			defaultConfigurationIsVisible = 0;
			defaultConfigurationName = Release;
		};
/* End XCConfigurationList section */

/* Begin XCVersionGroup section */
		8E2F65A1221487EA0017479B /* Eateries.xcdatamodeld */ = {
			isa = XCVersionGroup;
			children = (
				8E2F65A2221487EA0017479B /* Eateries.xcdatamodel */,
			);
			currentVersion = 8E2F65A2221487EA0017479B /* Eateries.xcdatamodel */;
			path = Eateries.xcdatamodeld;
			sourceTree = "<group>";
			versionGroupType = wrapper.xcdatamodel;
		};
/* End XCVersionGroup section */
	};
	rootObject = 8E865FAE2207176400059E8F /* Project object */;
}
